{
  "version": 4,
  "terraform_version": "1.11.3",
  "serial": 17,
  "lineage": "8cea38f8-3d83-f584-5515-9b6f0120404e",
  "outputs": {
    "zabbix_private_ip": {
      "value": "10.0.1.10",
      "type": "string"
    },
    "zabbix_public_ip": {
      "value": "91.99.58.123",
      "type": "string"
    }
  },
  "resources": [
    {
      "mode": "managed",
      "type": "hcloud_network",
      "name": "zabbix_net",
      "provider": "provider[\"registry.terraform.io/hetznercloud/hcloud\"]",
      "instances": [
        {
          "schema_version": 0,
          "attributes": {
            "delete_protection": false,
            "expose_routes_to_vswitch": false,
            "id": "10886522",
            "ip_range": "10.0.1.0/24",
            "labels": {},
            "name": "zabbix-network"
          },
          "sensitive_attributes": [],
          "private": "bnVsbA=="
        }
      ]
    },
    {
      "mode": "managed",
      "type": "hcloud_network_subnet",
      "name": "zabbix_subnet",
      "provider": "provider[\"registry.terraform.io/hetznercloud/hcloud\"]",
      "instances": [
        {
          "schema_version": 0,
          "attributes": {
            "gateway": "10.0.1.1",
            "id": "10886522-10.0.1.0/24",
            "ip_range": "10.0.1.0/24",
            "network_id": 10886522,
            "network_zone": "eu-central",
            "type": "cloud",
            "vswitch_id": null
          },
          "sensitive_attributes": [],
          "private": "bnVsbA==",
          "dependencies": [
            "hcloud_network.zabbix_net"
          ]
        }
      ]
    },
    {
      "mode": "managed",
      "type": "hcloud_server",
      "name": "zabbix",
      "provider": "provider[\"registry.terraform.io/hetznercloud/hcloud\"]",
      "instances": [
        {
          "schema_version": 0,
          "attributes": {
            "allow_deprecated_images": false,
            "backup_window": "",
            "backups": false,
            "datacenter": "nbg1-dc3",
            "delete_protection": false,
            "firewall_ids": [],
            "id": "62713852",
            "ignore_remote_firewall_ids": false,
            "image": "ubuntu-24.04",
            "ipv4_address": "91.99.58.123",
            "ipv6_address": "2a01:4f8:1c1a:bb07::1",
            "ipv6_network": "2a01:4f8:1c1a:bb07::/64",
            "iso": null,
            "keep_disk": false,
            "labels": {
              "project": "Monitoring",
              "role": "zabbix"
            },
            "location": "nbg1",
            "name": "zabbix-server",
            "network": [
              {
                "alias_ips": [],
                "ip": "10.0.1.10",
                "mac_address": "86:00:00:ca:36:54",
                "network_id": 10886522
              }
            ],
            "placement_group_id": 0,
            "primary_disk_size": 40,
            "public_net": [],
            "rebuild_protection": false,
            "rescue": null,
            "server_type": "cx22",
            "shutdown_before_deletion": false,
            "ssh_keys": [
              "28403341"
            ],
            "status": "running",
            "timeouts": null,
            "user_data": null
          },
          "sensitive_attributes": [],
          "private": "eyJlMmJmYjczMC1lY2FhLTExZTYtOGY4OC0zNDM2M2JjN2M0YzAiOnsiY3JlYXRlIjo1NDAwMDAwMDAwMDAwfX0=",
          "dependencies": [
            "hcloud_network.zabbix_net",
            "hcloud_ssh_key.default"
          ]
        }
      ]
    },
    {
      "mode": "managed",
      "type": "hcloud_ssh_key",
      "name": "default",
      "provider": "provider[\"registry.terraform.io/hetznercloud/hcloud\"]",
      "instances": [
        {
          "schema_version": 0,
          "attributes": {
            "fingerprint": "5e:b8:8a:d6:b1:9e:fd:c8:4e:f8:7a:31:5b:dd:4a:8e",
            "id": "28403341",
            "labels": {},
            "name": "hetzner-key",
            "public_key": "ssh-rsa AAAAB3NzaC1yc2EAAAADAQABAAACAQC75HD2vt2G/cve9tJuPrMkLe1LQuARc1JGxQ6etiBWvkQe6sW8y+9Qhlzh1GxLKkjj18J4BRQxYUzRWmYkfAqa1uvuT3lzmIU0oQAJLa/Il+0cXwDKm5S4ak+XzYGXdxCHKubzACQyIy22r35zGZiye/6P1+hLK5QcDBU10rvKukXxaczWbw3z0tIhCLOOb05IERS0JuVa724Vx6/H/UhczGPRrdBr+yWTGN1hfAV4Ks8TZRgoYjzV7ZRCV8SATb0QmaUKYhdbDoYWUqBgg5ViPO+DZ7C6IqWZODEVRY+3DoGEv9PSBzwvQBye5DvNmNuMFgUqpvPv9oO5twfebzbS1knhdlMMlPozgv0nQxLIUsNd5jRUqtP7SrgrqxvAzShuECFoWNRYXXCeo3+3DzlZg1oMKNCCNPekzre0xtk19C5lkGHCONQTcUqFsNGT4+kgpEYNOzmT/xOXF0gGgMyG3/mpsemGMG5pJcVTnYGz+y7XNUd+/Q1Qye5NWSufzqFO5jgW2Dwg01dPl2PJCtJBaJhxML1I6Nxe2Bh77f5RrKi26J9FXMlCvC9UoocrxK1w73fJboSRTHYBkG8xj6UUsnc89S/ojKzAENZ8W/FQCrZqnMHsXcBNhbPGrwbbxCIc+yAz5+wfkv1FP+3nNdHNEFbCRWgzIfqvmwNEbv3Uew== kholasek@Hetzner-Server-Connect"
          },
          "sensitive_attributes": []
        }
      ]
    },
    {
      "mode": "managed",
      "type": "local_file",
      "name": "ansible_inventory",
      "provider": "provider[\"registry.terraform.io/hashicorp/local\"]",
      "instances": [
        {
          "schema_version": 0,
          "attributes": {
            "content": "[zabbix]\n91.99.58.123 ansible_user=root\n",
            "content_base64": null,
            "content_base64sha256": "PTvYfG8W1Uo62FxdWT24pku34PdNi46P9x48s3h+7ZY=",
            "content_base64sha512": "zBi2Y9MZsKoAEW8UJrwnavv3oI9fH9whZQHkbkMJbpCChf6xZvuqbPdXyM7OZSXgmkm628bjkPlRhzFMzATeqg==",
            "content_md5": "cb93dbd304b0008362e38d1093931978",
            "content_sha1": "4f31cba02165b725c1612b744274bef74518ce46",
            "content_sha256": "3d3bd87c6f16d54a3ad85c5d593db8a64bb7e0f74d8b8e8ff71e3cb3787eed96",
            "content_sha512": "cc18b663d319b0aa00116f1426bc276afbf7a08f5f1fdc216501e46e43096e908285feb166fbaa6cf757c8cece6525e09a49badbc6e390f95187314ccc04deaa",
            "directory_permission": "0777",
            "file_permission": "0777",
            "filename": "./inventory.ini",
            "id": "4f31cba02165b725c1612b744274bef74518ce46",
            "sensitive_content": null,
            "source": null
          },
          "sensitive_attributes": [
            [
              {
                "type": "get_attr",
                "value": "sensitive_content"
              }
            ]
          ],
          "dependencies": [
            "hcloud_network.zabbix_net",
            "hcloud_server.zabbix",
            "hcloud_ssh_key.default"
          ]
        }
      ]
    }
  ],
  "check_results": null
}
